// !$*UTF8*$!
{
	archiveVersion = 1;
	classes = {
	};
	objectVersion = 50;
	objects = {

/* Begin PBXBuildFile section */
		1C2D82C0220841F2003066DC /* RecordCollection.swift in Sources */ = {isa = PBXBuildFile; fileRef = 1C2D82BF220841F2003066DC /* RecordCollection.swift */; };
		1C33D3BA220870D400A566FC /* Record.swift in Sources */ = {isa = PBXBuildFile; fileRef = 1C33D3B9220870D400A566FC /* Record.swift */; };
		1C4EDB1022081BA1001099E8 /* AppDelegate.swift in Sources */ = {isa = PBXBuildFile; fileRef = 1C4EDB0F22081BA1001099E8 /* AppDelegate.swift */; };
		1C4EDB1222081BA1001099E8 /* ViewController.swift in Sources */ = {isa = PBXBuildFile; fileRef = 1C4EDB1122081BA1001099E8 /* ViewController.swift */; };
		1C4EDB1522081BA1001099E8 /* Main.storyboard in Resources */ = {isa = PBXBuildFile; fileRef = 1C4EDB1322081BA1001099E8 /* Main.storyboard */; };
		1C4EDB1722081BA8001099E8 /* Assets.xcassets in Resources */ = {isa = PBXBuildFile; fileRef = 1C4EDB1622081BA8001099E8 /* Assets.xcassets */; };
		1C4EDB1A22081BA8001099E8 /* LaunchScreen.storyboard in Resources */ = {isa = PBXBuildFile; fileRef = 1C4EDB1822081BA8001099E8 /* LaunchScreen.storyboard */; };
		1C4EDB2222082172001099E8 /* ShopViewController.swift in Sources */ = {isa = PBXBuildFile; fileRef = 1C4EDB2122082172001099E8 /* ShopViewController.swift */; };
		1C4EDB24220826F6001099E8 /* Post.swift in Sources */ = {isa = PBXBuildFile; fileRef = 1C4EDB23220826F6001099E8 /* Post.swift */; };
		1C4EDB262208271B001099E8 /* Taskcollection.swift in Sources */ = {isa = PBXBuildFile; fileRef = 1C4EDB252208271B001099E8 /* Taskcollection.swift */; };
		1C4EDB2822082F36001099E8 /* ShopDetailViewController.swift in Sources */ = {isa = PBXBuildFile; fileRef = 1C4EDB2722082F36001099E8 /* ShopDetailViewController.swift */; };
		1C4EDB2C220836C5001099E8 /* RecordViewController.swift in Sources */ = {isa = PBXBuildFile; fileRef = 1C4EDB2B220836C5001099E8 /* RecordViewController.swift */; };
		7AC653856168B52A88032D61 /* Pods_09_14_kuwahatasachio.framework in Frameworks */ = {isa = PBXBuildFile; fileRef = 71623AE64D4FF07DB2BDDF8D /* Pods_09_14_kuwahatasachio.framework */; };
/* End PBXBuildFile section */

/* Begin PBXFileReference section */
		1340AB0BAE0768F17021F85A /* Pods-09_14_kuwahatasachio.release.xcconfig */ = {isa = PBXFileReference; includeInIndex = 1; lastKnownFileType = text.xcconfig; name = "Pods-09_14_kuwahatasachio.release.xcconfig"; path = "Pods/Target Support Files/Pods-09_14_kuwahatasachio/Pods-09_14_kuwahatasachio.release.xcconfig"; sourceTree = "<group>"; };
		1C2D82BF220841F2003066DC /* RecordCollection.swift */ = {isa = PBXFileReference; lastKnownFileType = sourcecode.swift; path = RecordCollection.swift; sourceTree = "<group>"; };
		1C33D3B9220870D400A566FC /* Record.swift */ = {isa = PBXFileReference; lastKnownFileType = sourcecode.swift; path = Record.swift; sourceTree = "<group>"; };
		1C4EDB0C22081BA1001099E8 /* 09_14_kuwahatasachio.app */ = {isa = PBXFileReference; explicitFileType = wrapper.application; includeInIndex = 0; path = 09_14_kuwahatasachio.app; sourceTree = BUILT_PRODUCTS_DIR; };
		1C4EDB0F22081BA1001099E8 /* AppDelegate.swift */ = {isa = PBXFileReference; lastKnownFileType = sourcecode.swift; path = AppDelegate.swift; sourceTree = "<group>"; };
		1C4EDB1122081BA1001099E8 /* ViewController.swift */ = {isa = PBXFileReference; lastKnownFileType = sourcecode.swift; path = ViewController.swift; sourceTree = "<group>"; };
		1C4EDB1422081BA1001099E8 /* Base */ = {isa = PBXFileReference; lastKnownFileType = file.storyboard; name = Base; path = Base.lproj/Main.storyboard; sourceTree = "<group>"; };
		1C4EDB1622081BA8001099E8 /* Assets.xcassets */ = {isa = PBXFileReference; lastKnownFileType = folder.assetcatalog; path = Assets.xcassets; sourceTree = "<group>"; };
		1C4EDB1922081BA8001099E8 /* Base */ = {isa = PBXFileReference; lastKnownFileType = file.storyboard; name = Base; path = Base.lproj/LaunchScreen.storyboard; sourceTree = "<group>"; };
		1C4EDB1B22081BA8001099E8 /* Info.plist */ = {isa = PBXFileReference; lastKnownFileType = text.plist.xml; path = Info.plist; sourceTree = "<group>"; };
		1C4EDB2122082172001099E8 /* ShopViewController.swift */ = {isa = PBXFileReference; lastKnownFileType = sourcecode.swift; path = ShopViewController.swift; sourceTree = "<group>"; };
		1C4EDB23220826F6001099E8 /* Post.swift */ = {isa = PBXFileReference; lastKnownFileType = sourcecode.swift; path = Post.swift; sourceTree = "<group>"; };
		1C4EDB252208271B001099E8 /* Taskcollection.swift */ = {isa = PBXFileReference; lastKnownFileType = sourcecode.swift; path = Taskcollection.swift; sourceTree = "<group>"; };
		1C4EDB2722082F36001099E8 /* ShopDetailViewController.swift */ = {isa = PBXFileReference; lastKnownFileType = sourcecode.swift; path = ShopDetailViewController.swift; sourceTree = "<group>"; };
		1C4EDB2B220836C5001099E8 /* RecordViewController.swift */ = {isa = PBXFileReference; lastKnownFileType = sourcecode.swift; path = RecordViewController.swift; sourceTree = "<group>"; };
		627CFD11DB150D4EF09B59C1 /* Pods-09_14_kuwahatasachio.debug.xcconfig */ = {isa = PBXFileReference; includeInIndex = 1; lastKnownFileType = text.xcconfig; name = "Pods-09_14_kuwahatasachio.debug.xcconfig"; path = "Pods/Target Support Files/Pods-09_14_kuwahatasachio/Pods-09_14_kuwahatasachio.debug.xcconfig"; sourceTree = "<group>"; };
		71623AE64D4FF07DB2BDDF8D /* Pods_09_14_kuwahatasachio.framework */ = {isa = PBXFileReference; explicitFileType = wrapper.framework; includeInIndex = 0; path = Pods_09_14_kuwahatasachio.framework; sourceTree = BUILT_PRODUCTS_DIR; };
/* End PBXFileReference section */

/* Begin PBXFrameworksBuildPhase section */
		1C4EDB0922081BA1001099E8 /* Frameworks */ = {
			isa = PBXFrameworksBuildPhase;
			buildActionMask = 2147483647;
			files = (
				7AC653856168B52A88032D61 /* Pods_09_14_kuwahatasachio.framework in Frameworks */,
			);
			runOnlyForDeploymentPostprocessing = 0;
		};
/* End PBXFrameworksBuildPhase section */

/* Begin PBXGroup section */
		1C4EDB0322081BA0001099E8 = {
			isa = PBXGroup;
			children = (
				1C4EDB0E22081BA1001099E8 /* 09_14_kuwahatasachio */,
				1C4EDB0D22081BA1001099E8 /* Products */,
				5B339A1C51A97A5327497185 /* Pods */,
				79939238A856273819BF0610 /* Frameworks */,
			);
			sourceTree = "<group>";
		};
		1C4EDB0D22081BA1001099E8 /* Products */ = {
			isa = PBXGroup;
			children = (
				1C4EDB0C22081BA1001099E8 /* 09_14_kuwahatasachio.app */,
			);
			name = Products;
			sourceTree = "<group>";
		};
		1C4EDB0E22081BA1001099E8 /* 09_14_kuwahatasachio */ = {
			isa = PBXGroup;
			children = (
				1C4EDB0F22081BA1001099E8 /* AppDelegate.swift */,
				1C4EDB23220826F6001099E8 /* Post.swift */,
				1C4EDB252208271B001099E8 /* Taskcollection.swift */,
				1C2D82BF220841F2003066DC /* RecordCollection.swift */,
				1C33D3B9220870D400A566FC /* Record.swift */,
				1C4EDB2B220836C5001099E8 /* RecordViewController.swift */,
				1C4EDB2722082F36001099E8 /* ShopDetailViewController.swift */,
				1C4EDB2122082172001099E8 /* ShopViewController.swift */,
				1C4EDB1122081BA1001099E8 /* ViewController.swift */,
				1C4EDB2A220831B0001099E8 /* Controller */,
				1C4EDB2922083195001099E8 /* Modele */,
				1C4EDB1322081BA1001099E8 /* Main.storyboard */,
				1C4EDB1622081BA8001099E8 /* Assets.xcassets */,
				1C4EDB1822081BA8001099E8 /* LaunchScreen.storyboard */,
				1C4EDB1B22081BA8001099E8 /* Info.plist */,
			);
			path = 09_14_kuwahatasachio;
			sourceTree = "<group>";
		};
		1C4EDB2922083195001099E8 /* Modele */ = {
			isa = PBXGroup;
			children = (
			);
			path = Modele;
			sourceTree = "<group>";
		};
		1C4EDB2A220831B0001099E8 /* Controller */ = {
			isa = PBXGroup;
			children = (
			);
			path = Controller;
			sourceTree = "<group>";
		};
		5B339A1C51A97A5327497185 /* Pods */ = {
			isa = PBXGroup;
			children = (
				627CFD11DB150D4EF09B59C1 /* Pods-09_14_kuwahatasachio.debug.xcconfig */,
				1340AB0BAE0768F17021F85A /* Pods-09_14_kuwahatasachio.release.xcconfig */,
			);
			name = Pods;
			sourceTree = "<group>";
		};
		79939238A856273819BF0610 /* Frameworks */ = {
			isa = PBXGroup;
			children = (
				71623AE64D4FF07DB2BDDF8D /* Pods_09_14_kuwahatasachio.framework */,
			);
			name = Frameworks;
			sourceTree = "<group>";
		};
/* End PBXGroup section */

/* Begin PBXNativeTarget section */
		1C4EDB0B22081BA1001099E8 /* 09_14_kuwahatasachio */ = {
			isa = PBXNativeTarget;
			buildConfigurationList = 1C4EDB1E22081BA8001099E8 /* Build configuration list for PBXNativeTarget "09_14_kuwahatasachio" */;
			buildPhases = (
				AA9616403A244733EDF32111 /* [CP] Check Pods Manifest.lock */,
				1C4EDB0822081BA1001099E8 /* Sources */,
				1C4EDB0922081BA1001099E8 /* Frameworks */,
				1C4EDB0A22081BA1001099E8 /* Resources */,
				AA9479EBA43657719268C116 /* [CP] Embed Pods Frameworks */,
				7C6DFFB90767CF6E3E15F1CB /* [CP] Copy Pods Resources */,
			);
			buildRules = (
			);
			dependencies = (
			);
			name = 09_14_kuwahatasachio;
			productName = 09_14_kuwahatasachio;
			productReference = 1C4EDB0C22081BA1001099E8 /* 09_14_kuwahatasachio.app */;
			productType = "com.apple.product-type.application";
		};
/* End PBXNativeTarget section */

/* Begin PBXProject section */
		1C4EDB0422081BA0001099E8 /* Project object */ = {
			isa = PBXProject;
			attributes = {
				LastSwiftUpdateCheck = 1010;
				LastUpgradeCheck = 1010;
				ORGANIZATIONNAME = sachiokuwahata;
				TargetAttributes = {
					1C4EDB0B22081BA1001099E8 = {
						CreatedOnToolsVersion = 10.1;
					};
				};
			};
			buildConfigurationList = 1C4EDB0722081BA0001099E8 /* Build configuration list for PBXProject "09_14_kuwahatasachio" */;
			compatibilityVersion = "Xcode 9.3";
			developmentRegion = en;
			hasScannedForEncodings = 0;
			knownRegions = (
				en,
				Base,
			);
			mainGroup = 1C4EDB0322081BA0001099E8;
			productRefGroup = 1C4EDB0D22081BA1001099E8 /* Products */;
			projectDirPath = "";
			projectRoot = "";
			targets = (
				1C4EDB0B22081BA1001099E8 /* 09_14_kuwahatasachio */,
			);
		};
/* End PBXProject section */

/* Begin PBXResourcesBuildPhase section */
		1C4EDB0A22081BA1001099E8 /* Resources */ = {
			isa = PBXResourcesBuildPhase;
			buildActionMask = 2147483647;
			files = (
				1C4EDB1A22081BA8001099E8 /* LaunchScreen.storyboard in Resources */,
				1C4EDB1722081BA8001099E8 /* Assets.xcassets in Resources */,
				1C4EDB1522081BA1001099E8 /* Main.storyboard in Resources */,
			);
			runOnlyForDeploymentPostprocessing = 0;
		};
/* End PBXResourcesBuildPhase section */

/* Begin PBXShellScriptBuildPhase section */
		7C6DFFB90767CF6E3E15F1CB /* [CP] Copy Pods Resources */ = {
			isa = PBXShellScriptBuildPhase;
			buildActionMask = 2147483647;
			files = (
			);
			inputFileListPaths = (
			);
			inputPaths = (
				"${SRCROOT}/Pods/Target Support Files/Pods-09_14_kuwahatasachio/Pods-09_14_kuwahatasachio-resources.sh",
				"${PODS_ROOT}/GoogleMaps/Maps/Frameworks/GoogleMaps.framework/Resources/GoogleMaps.bundle",
			);
			name = "[CP] Copy Pods Resources";
			outputFileListPaths = (
			);
			outputPaths = (
				"${TARGET_BUILD_DIR}/${UNLOCALIZED_RESOURCES_FOLDER_PATH}/GoogleMaps.bundle",
			);
			runOnlyForDeploymentPostprocessing = 0;
			shellPath = /bin/sh;
			shellScript = "\"${SRCROOT}/Pods/Target Support Files/Pods-09_14_kuwahatasachio/Pods-09_14_kuwahatasachio-resources.sh\"\n";
			showEnvVarsInLog = 0;
		};
		AA9479EBA43657719268C116 /* [CP] Embed Pods Frameworks */ = {
			isa = PBXShellScriptBuildPhase;
			buildActionMask = 2147483647;
			files = (
			);
			inputFileListPaths = (
			);
			inputPaths = (
				"${SRCROOT}/Pods/Target Support Files/Pods-09_14_kuwahatasachio/Pods-09_14_kuwahatasachio-frameworks.sh",
				"${BUILT_PRODUCTS_DIR}/Alamofire/Alamofire.framework",
				"${BUILT_PRODUCTS_DIR}/SwiftyJSON/SwiftyJSON.framework",
			);
			name = "[CP] Embed Pods Frameworks";
			outputFileListPaths = (
			);
			outputPaths = (
				"${TARGET_BUILD_DIR}/${FRAMEWORKS_FOLDER_PATH}/Alamofire.framework",
				"${TARGET_BUILD_DIR}/${FRAMEWORKS_FOLDER_PATH}/SwiftyJSON.framework",
			);
			runOnlyForDeploymentPostprocessing = 0;
			shellPath = /bin/sh;
			shellScript = "\"${SRCROOT}/Pods/Target Support Files/Pods-09_14_kuwahatasachio/Pods-09_14_kuwahatasachio-frameworks.sh\"\n";
			showEnvVarsInLog = 0;
		};
		AA9616403A244733EDF32111 /* [CP] Check Pods Manifest.lock */ = {
			isa = PBXShellScriptBuildPhase;
			buildActionMask = 2147483647;
			files = (
			);
			inputFileListPaths = (
			);
			inputPaths = (
				"${PODS_PODFILE_DIR_PATH}/Podfile.lock",
				"${PODS_ROOT}/Manifest.lock",
			);
			name = "[CP] Check Pods Manifest.lock";
			outputFileListPaths = (
			);
			outputPaths = (
				"$(DERIVED_FILE_DIR)/Pods-09_14_kuwahatasachio-checkManifestLockResult.txt",
			);
			runOnlyForDeploymentPostprocessing = 0;
			shellPath = /bin/sh;
			shellScript = "diff \"${PODS_PODFILE_DIR_PATH}/Podfile.lock\" \"${PODS_ROOT}/Manifest.lock\" > /dev/null\nif [ $? != 0 ] ; then\n    # print error to STDERR\n    echo \"error: The sandbox is not in sync with the Podfile.lock. Run 'pod install' or update your CocoaPods installation.\" >&2\n    exit 1\nfi\n# This output is used by Xcode 'outputs' to avoid re-running this script phase.\necho \"SUCCESS\" > \"${SCRIPT_OUTPUT_FILE_0}\"\n";
			showEnvVarsInLog = 0;
		};
/* End PBXShellScriptBuildPhase section */

/* Begin PBXSourcesBuildPhase section */
		1C4EDB0822081BA1001099E8 /* Sources */ = {
			isa = PBXSourcesBuildPhase;
			buildActionMask = 2147483647;
			files = (
				1C4EDB262208271B001099E8 /* Taskcollection.swift in Sources */,
				1C4EDB1222081BA1001099E8 /* ViewController.swift in Sources */,
				1C33D3BA220870D400A566FC /* Record.swift in Sources */,
				1C4EDB1022081BA1001099E8 /* AppDelegate.swift in Sources */,
				1C4EDB2C220836C5001099E8 /* RecordViewController.swift in Sources */,
				1C4EDB2222082172001099E8 /* ShopViewController.swift in Sources */,
				1C4EDB24220826F6001099E8 /* Post.swift in Sources */,
				1C4EDB2822082F36001099E8 /* ShopDetailViewController.swift in Sources */,
				1C2D82C0220841F2003066DC /* RecordCollection.swift in Sources */,
			);
			runOnlyForDeploymentPostprocessing = 0;
		};
/* End PBXSourcesBuildPhase section */

/* Begin PBXVariantGroup section */
		1C4EDB1322081BA1001099E8 /* Main.storyboard */ = {
			isa = PBXVariantGroup;
			children = (
				1C4EDB1422081BA1001099E8 /* Base */,
			);
			name = Main.storyboard;
			sourceTree = "<group>";
		};
		1C4EDB1822081BA8001099E8 /* LaunchScreen.storyboard */ = {
			isa = PBXVariantGroup;
			children = (
				1C4EDB1922081BA8001099E8 /* Base */,
			);
			name = LaunchScreen.storyboard;
			sourceTree = "<group>";
		};
/* End PBXVariantGroup section */

/* Begin XCBuildConfiguration section */
		1C4EDB1C22081BA8001099E8 /* Debug */ = {
			isa = XCBuildConfiguration;
			buildSettings = {
				ALWAYS_SEARCH_USER_PATHS = NO;
				CLANG_ANALYZER_NONNULL = YES;
				CLANG_ANALYZER_NUMBER_OBJECT_CONVERSION = YES_AGGRESSIVE;
				CLANG_CXX_LANGUAGE_STANDARD = "gnu++14";
				CLANG_CXX_LIBRARY = "libc++";
				CLANG_ENABLE_MODULES = YES;
				CLANG_ENABLE_OBJC_ARC = YES;
				CLANG_ENABLE_OBJC_WEAK = YES;
				CLANG_WARN_BLOCK_CAPTURE_AUTORELEASING = YES;
				CLANG_WARN_BOOL_CONVERSION = YES;
				CLANG_WARN_COMMA = YES;
				CLANG_WARN_CONSTANT_CONVERSION = YES;
				CLANG_WARN_DEPRECATED_OBJC_IMPLEMENTATIONS = YES;
				CLANG_WARN_DIRECT_OBJC_ISA_USAGE = YES_ERROR;
				CLANG_WARN_DOCUMENTATION_COMMENTS = YES;
				CLANG_WARN_EMPTY_BODY = YES;
				CLANG_WARN_ENUM_CONVERSION = YES;
				CLANG_WARN_INFINITE_RECURSION = YES;
				CLANG_WARN_INT_CONVERSION = YES;
				CLANG_WARN_NON_LITERAL_NULL_CONVERSION = YES;
				CLANG_WARN_OBJC_IMPLICIT_RETAIN_SELF = YES;
				CLANG_WARN_OBJC_LITERAL_CONVERSION = YES;
				CLANG_WARN_OBJC_ROOT_CLASS = YES_ERROR;
				CLANG_WARN_RANGE_LOOP_ANALYSIS = YES;
				CLANG_WARN_STRICT_PROTOTYPES = YES;
				CLANG_WARN_SUSPICIOUS_MOVE = YES;
				CLANG_WARN_UNGUARDED_AVAILABILITY = YES_AGGRESSIVE;
				CLANG_WARN_UNREACHABLE_CODE = YES;
				CLANG_WARN__DUPLICATE_METHOD_MATCH = YES;
				CODE_SIGN_IDENTITY = "iPhone Developer";
				COPY_PHASE_STRIP = NO;
				DEBUG_INFORMATION_FORMAT = dwarf;
				ENABLE_STRICT_OBJC_MSGSEND = YES;
				ENABLE_TESTABILITY = YES;
				GCC_C_LANGUAGE_STANDARD = gnu11;
				GCC_DYNAMIC_NO_PIC = NO;
				GCC_NO_COMMON_BLOCKS = YES;
				GCC_OPTIMIZATION_LEVEL = 0;
				GCC_PREPROCESSOR_DEFINITIONS = (
					"DEBUG=1",
					"$(inherited)",
				);
				GCC_WARN_64_TO_32_BIT_CONVERSION = YES;
				GCC_WARN_ABOUT_RETURN_TYPE = YES_ERROR;
				GCC_WARN_UNDECLARED_SELECTOR = YES;
				GCC_WARN_UNINITIALIZED_AUTOS = YES_AGGRESSIVE;
				GCC_WARN_UNUSED_FUNCTION = YES;
				GCC_WARN_UNUSED_VARIABLE = YES;
				IPHONEOS_DEPLOYMENT_TARGET = 12.1;
				MTL_ENABLE_DEBUG_INFO = INCLUDE_SOURCE;
				MTL_FAST_MATH = YES;
				ONLY_ACTIVE_ARCH = YES;
				SDKROOT = iphoneos;
				SWIFT_ACTIVE_COMPILATION_CONDITIONS = DEBUG;
				SWIFT_OPTIMIZATION_LEVEL = "-Onone";
			};
			name = Debug;
		};
		1C4EDB1D22081BA8001099E8 /* Release */ = {
			isa = XCBuildConfiguration;
			buildSettings = {
				ALWAYS_SEARCH_USER_PATHS = NO;
				CLANG_ANALYZER_NONNULL = YES;
				CLANG_ANALYZER_NUMBER_OBJECT_CONVERSION = YES_AGGRESSIVE;
				CLANG_CXX_LANGUAGE_STANDARD = "gnu++14";
				CLANG_CXX_LIBRARY = "libc++";
				CLANG_ENABLE_MODULES = YES;
				CLANG_ENABLE_OBJC_ARC = YES;
				CLANG_ENABLE_OBJC_WEAK = YES;
				CLANG_WARN_BLOCK_CAPTURE_AUTORELEASING = YES;
				CLANG_WARN_BOOL_CONVERSION = YES;
				CLANG_WARN_COMMA = YES;
				CLANG_WARN_CONSTANT_CONVERSION = YES;
				CLANG_WARN_DEPRECATED_OBJC_IMPLEMENTATIONS = YES;
				CLANG_WARN_DIRECT_OBJC_ISA_USAGE = YES_ERROR;
				CLANG_WARN_DOCUMENTATION_COMMENTS = YES;
				CLANG_WARN_EMPTY_BODY = YES;
				CLANG_WARN_ENUM_CONVERSION = YES;
				CLANG_WARN_INFINITE_RECURSION = YES;
				CLANG_WARN_INT_CONVERSION = YES;
				CLANG_WARN_NON_LITERAL_NULL_CONVERSION = YES;
				CLANG_WARN_OBJC_IMPLICIT_RETAIN_SELF = YES;
				CLANG_WARN_OBJC_LITERAL_CONVERSION = YES;
				CLANG_WARN_OBJC_ROOT_CLASS = YES_ERROR;
				CLANG_WARN_RANGE_LOOP_ANALYSIS = YES;
				CLANG_WARN_STRICT_PROTOTYPES = YES;
				CLANG_WARN_SUSPICIOUS_MOVE = YES;
				CLANG_WARN_UNGUARDED_AVAILABILITY = YES_AGGRESSIVE;
				CLANG_WARN_UNREACHABLE_CODE = YES;
				CLANG_WARN__DUPLICATE_METHOD_MATCH = YES;
				CODE_SIGN_IDENTITY = "iPhone Developer";
				COPY_PHASE_STRIP = NO;
				DEBUG_INFORMATION_FORMAT = "dwarf-with-dsym";
				ENABLE_NS_ASSERTIONS = NO;
				ENABLE_STRICT_OBJC_MSGSEND = YES;
				GCC_C_LANGUAGE_STANDARD = gnu11;
				GCC_NO_COMMON_BLOCKS = YES;
				GCC_WARN_64_TO_32_BIT_CONVERSION = YES;
				GCC_WARN_ABOUT_RETURN_TYPE = YES_ERROR;
				GCC_WARN_UNDECLARED_SELECTOR = YES;
				GCC_WARN_UNINITIALIZED_AUTOS = YES_AGGRESSIVE;
				GCC_WARN_UNUSED_FUNCTION = YES;
				GCC_WARN_UNUSED_VARIABLE = YES;
				IPHONEOS_DEPLOYMENT_TARGET = 12.1;
				MTL_ENABLE_DEBUG_INFO = NO;
				MTL_FAST_MATH = YES;
				SDKROOT = iphoneos;
				SWIFT_COMPILATION_MODE = wholemodule;
				SWIFT_OPTIMIZATION_LEVEL = "-O";
				VALIDATE_PRODUCT = YES;
			};
			name = Release;
		};
		1C4EDB1F22081BA8001099E8 /* Debug */ = {
			isa = XCBuildConfiguration;
			baseConfigurationReference = 627CFD11DB150D4EF09B59C1 /* Pods-09_14_kuwahatasachio.debug.xcconfig */;
			buildSettings = {
				ASSETCATALOG_COMPILER_APPICON_NAME = AppIcon;
				CODE_SIGN_STYLE = Automatic;
				DEVELOPMENT_TEAM = 8K4963W8BD;
				INFOPLIST_FILE = 09_14_kuwahatasachio/Info.plist;
				LD_RUNPATH_SEARCH_PATHS = (
					"$(inherited)",
					"@executable_path/Frameworks",
				);
				PRODUCT_BUNDLE_IDENTIFIER = "com-myfirstapps.-9-14-kuwahatasachio";
				PRODUCT_NAME = "$(TARGET_NAME)";
				SWIFT_VERSION = 4.2;
				TARGETED_DEVICE_FAMILY = "1,2";
			};
			name = Debug;
		};
		1C4EDB2022081BA8001099E8 /* Release */ = {
			isa = XCBuildConfiguration;
			baseConfigurationReference = 1340AB0BAE0768F17021F85A /* Pods-09_14_kuwahatasachio.release.xcconfig */;
			buildSettings = {
				ASSETCATALOG_COMPILER_APPICON_NAME = AppIcon;
				CODE_SIGN_STYLE = Automatic;
				DEVELOPMENT_TEAM = 8K4963W8BD;
				INFOPLIST_FILE = 09_14_kuwahatasachio/Info.plist;
				LD_RUNPATH_SEARCH_PATHS = (
					"$(inherited)",
					"@executable_path/Frameworks",
				);
				PRODUCT_BUNDLE_IDENTIFIER = "com-myfirstapps.-9-14-kuwahatasachio";
				PRODUCT_NAME = "$(TARGET_NAME)";
				SWIFT_VERSION = 4.2;
				TARGETED_DEVICE_FAMILY = "1,2";
			};
			name = Release;
		};
/* End XCBuildConfiguration section */

/* Begin XCConfigurationList section */
		1C4EDB0722081BA0001099E8 /* Build configuration list for PBXProject "09_14_kuwahatasachio" */ = {
			isa = XCConfigurationList;
			buildConfigurations = (
				1C4EDB1C22081BA8001099E8 /* Debug */,
				1C4EDB1D22081BA8001099E8 /* Release */,
			);
			defaultConfigurationIsVisible = 0;
			defaultConfigurationName = Release;
		};
		1C4EDB1E22081BA8001099E8 /* Build configuration list for PBXNativeTarget "09_14_kuwahatasachio" */ = {
			isa = XCConfigurationList;
			buildConfigurations = (
				1C4EDB1F22081BA8001099E8 /* Debug */,
				1C4EDB2022081BA8001099E8 /* Release */,
			);
			defaultConfigurationIsVisible = 0;
			defaultConfigurationName = Release;
		};
/* End XCConfigurationList section */
	};
	rootObject = 1C4EDB0422081BA0001099E8 /* Project object */;
}
