PODS:
  - Alamofire (4.8.1)
  - SwiftyJSON (4.2.0)
  - youtube-ios-player-helper (0.1.6)

DEPENDENCIES:
  - Alamofire
  - SwiftyJSON
  - youtube-ios-player-helper

SPEC REPOS:
  https://github.com/cocoapods/specs.git:
    - Alamofire
    - SwiftyJSON
    - youtube-ios-player-helper

SPEC CHECKSUMS:
  Alamofire: 16ce2c353fb72865124ddae8a57c5942388f4f11
  SwiftyJSON: c4bcba26dd9ec7a027fc8eade48e2c911f229e96
  youtube-ios-player-helper: 21ab92db027c7ff86cb17a3843a3f6eafc8158d2

PODFILE CHECKSUM: 4a1a222665e1ee43baca9f69393cfa05d4357b6a

COCOAPODS: 1.5.3
